
Microsoft Visual Studio Solution File, Format Version 12.00
# Visual Studio Version 16
VisualStudioVersion = 16.0.29020.237
MinimumVisualStudioVersion = 10.0.40219.1
Project("{FAE04EC0-301F-11D3-BF4B-00C04F79EFBC}") = "ConsoleApp3", "ConsoleApp3\ConsoleApp3.csproj", "{5414F2E6-DEC6-490B-A704-5BA9CF23D468}"
EndProject
Global
	GlobalSection(SolutionConfigurationPlatforms) = preSolution
		Debug|Any CPU = Debug|Any CPU
		Release|Any CPU = Release|Any CPU
	EndGlobalSection
	GlobalSection(ProjectConfigurationPlatforms) = postSolution
		{5414F2E6-DEC6-490B-A704-5BA9CF23D468}.Debug|Any CPU.ActiveCfg = Debug|Any CPU
		{5414F2E6-DEC6-490B-A704-5BA9CF23D468}.Debug|Any CPU.Build.0 = Debug|Any CPU
		{5414F2E6-DEC6-490B-A704-5BA9CF23D468}.Release|Any CPU.ActiveCfg = Release|Any CPU
		{5414F2E6-DEC6-490B-A704-5BA9CF23D468}.Release|Any CPU.Build.0 = Release|Any CPU
	EndGlobalSection
	GlobalSection(SolutionProperties) = preSolution
		HideSolutionNode = FALSE
	EndGlobalSection
	GlobalSection(ExtensibilityGlobals) = postSolution
		SolutionGuid = {0A5A4EF4-E799-4BF6-9465-71537332BAF1}
	EndGlobalSection
EndGlobal
