
Microsoft Visual Studio Solution File, Format Version 12.00
# Visual Studio Version 16
VisualStudioVersion = 16.0.29020.237
MinimumVisualStudioVersion = 10.0.40219.1
Project("{FAE04EC0-301F-11D3-BF4B-00C04F79EFBC}") = "SistemaRelatorioCarros", "SistemaRelatorioCarros\SistemaRelatorioCarros.csproj", "{7A4E57D6-A430-4278-BBF7-02C9B333179F}"
EndProject
Project("{FAE04EC0-301F-11D3-BF4B-00C04F79EFBC}") = "InterfaceSistemaRelatorio", "InterfaceSistemaRelatorio\InterfaceSistemaRelatorio.csproj", "{B557EAAA-3F18-4859-8221-43E26C6400F8}"
EndProject
Global
	GlobalSection(SolutionConfigurationPlatforms) = preSolution
		Debug|Any CPU = Debug|Any CPU
		Release|Any CPU = Release|Any CPU
	EndGlobalSection
	GlobalSection(ProjectConfigurationPlatforms) = postSolution
		{7A4E57D6-A430-4278-BBF7-02C9B333179F}.Debug|Any CPU.ActiveCfg = Debug|Any CPU
		{7A4E57D6-A430-4278-BBF7-02C9B333179F}.Debug|Any CPU.Build.0 = Debug|Any CPU
		{7A4E57D6-A430-4278-BBF7-02C9B333179F}.Release|Any CPU.ActiveCfg = Release|Any CPU
		{7A4E57D6-A430-4278-BBF7-02C9B333179F}.Release|Any CPU.Build.0 = Release|Any CPU
		{B557EAAA-3F18-4859-8221-43E26C6400F8}.Debug|Any CPU.ActiveCfg = Debug|Any CPU
		{B557EAAA-3F18-4859-8221-43E26C6400F8}.Debug|Any CPU.Build.0 = Debug|Any CPU
		{B557EAAA-3F18-4859-8221-43E26C6400F8}.Release|Any CPU.ActiveCfg = Release|Any CPU
		{B557EAAA-3F18-4859-8221-43E26C6400F8}.Release|Any CPU.Build.0 = Release|Any CPU
	EndGlobalSection
	GlobalSection(SolutionProperties) = preSolution
		HideSolutionNode = FALSE
	EndGlobalSection
	GlobalSection(ExtensibilityGlobals) = postSolution
		SolutionGuid = {98FDC6F4-B2BC-4FEE-8147-61BB46E8DF16}
	EndGlobalSection
EndGlobal
