
Microsoft Visual Studio Solution File, Format Version 12.00
# Visual Studio Version 16
VisualStudioVersion = 16.0.29020.237
MinimumVisualStudioVersion = 10.0.40219.1
Project("{FAE04EC0-301F-11D3-BF4B-00C04F79EFBC}") = "AlgoritimoArea", "AlgoritimoArea\AlgoritimoArea.csproj", "{788141A6-9A41-4D07-931B-18E435DF916B}"
EndProject
Global
	GlobalSection(SolutionConfigurationPlatforms) = preSolution
		Debug|Any CPU = Debug|Any CPU
		Release|Any CPU = Release|Any CPU
	EndGlobalSection
	GlobalSection(ProjectConfigurationPlatforms) = postSolution
		{788141A6-9A41-4D07-931B-18E435DF916B}.Debug|Any CPU.ActiveCfg = Debug|Any CPU
		{788141A6-9A41-4D07-931B-18E435DF916B}.Debug|Any CPU.Build.0 = Debug|Any CPU
		{788141A6-9A41-4D07-931B-18E435DF916B}.Release|Any CPU.ActiveCfg = Release|Any CPU
		{788141A6-9A41-4D07-931B-18E435DF916B}.Release|Any CPU.Build.0 = Release|Any CPU
	EndGlobalSection
	GlobalSection(SolutionProperties) = preSolution
		HideSolutionNode = FALSE
	EndGlobalSection
	GlobalSection(ExtensibilityGlobals) = postSolution
		SolutionGuid = {9096F14D-CCD9-444E-8600-41366A910695}
	EndGlobalSection
EndGlobal
