
Microsoft Visual Studio Solution File, Format Version 12.00
# Visual Studio Version 16
VisualStudioVersion = 16.0.29020.237
MinimumVisualStudioVersion = 10.0.40219.1
Project("{FAE04EC0-301F-11D3-BF4B-00C04F79EFBC}") = "ForeachNaLista", "ForeachNaLista\ForeachNaLista.csproj", "{0D6A1113-11A8-4652-9E68-4F3A062947D1}"
EndProject
Project("{FAE04EC0-301F-11D3-BF4B-00C04F79EFBC}") = "MetodosPublicos", "MetodosPublicos\MetodosPublicos.csproj", "{A9ED7AD6-5562-4393-B17F-4C407E38BCD5}"
EndProject
Project("{FAE04EC0-301F-11D3-BF4B-00C04F79EFBC}") = "ConversorMonetario", "ConversorMonetario\ConversorMonetario.csproj", "{FF84E11F-06CC-4A00-8C1A-8989FAE4394A}"
EndProject
Project("{FAE04EC0-301F-11D3-BF4B-00C04F79EFBC}") = "CrazyProject", "CrazyProject\CrazyProject.csproj", "{AFCA74A8-FF16-4952-AC17-6BA049EEF779}"
EndProject
Project("{FAE04EC0-301F-11D3-BF4B-00C04F79EFBC}") = "BaseApp", "BaseApp\BaseApp.csproj", "{A7A24A18-A702-44CD-941A-39645125F898}"
EndProject
Project("{FAE04EC0-301F-11D3-BF4B-00C04F79EFBC}") = "MinhaBiblicoteca", "MinhaBiblicoteca\MinhaBiblicoteca.csproj", "{035593BF-30EA-4926-8D25-6A57EBB6882B}"
EndProject
Project("{FAE04EC0-301F-11D3-BF4B-00C04F79EFBC}") = "AcessandoDllDoAmiguinho", "AcessandoDllDoAmiguinho\AcessandoDllDoAmiguinho.csproj", "{A7779F6B-8ECF-4A8A-9C96-D74FC673DCF5}"
EndProject
Global
	GlobalSection(SolutionConfigurationPlatforms) = preSolution
		Debug|Any CPU = Debug|Any CPU
		Release|Any CPU = Release|Any CPU
	EndGlobalSection
	GlobalSection(ProjectConfigurationPlatforms) = postSolution
		{0D6A1113-11A8-4652-9E68-4F3A062947D1}.Debug|Any CPU.ActiveCfg = Debug|Any CPU
		{0D6A1113-11A8-4652-9E68-4F3A062947D1}.Debug|Any CPU.Build.0 = Debug|Any CPU
		{0D6A1113-11A8-4652-9E68-4F3A062947D1}.Release|Any CPU.ActiveCfg = Release|Any CPU
		{0D6A1113-11A8-4652-9E68-4F3A062947D1}.Release|Any CPU.Build.0 = Release|Any CPU
		{A9ED7AD6-5562-4393-B17F-4C407E38BCD5}.Debug|Any CPU.ActiveCfg = Debug|Any CPU
		{A9ED7AD6-5562-4393-B17F-4C407E38BCD5}.Debug|Any CPU.Build.0 = Debug|Any CPU
		{A9ED7AD6-5562-4393-B17F-4C407E38BCD5}.Release|Any CPU.ActiveCfg = Release|Any CPU
		{A9ED7AD6-5562-4393-B17F-4C407E38BCD5}.Release|Any CPU.Build.0 = Release|Any CPU
		{FF84E11F-06CC-4A00-8C1A-8989FAE4394A}.Debug|Any CPU.ActiveCfg = Debug|Any CPU
		{FF84E11F-06CC-4A00-8C1A-8989FAE4394A}.Debug|Any CPU.Build.0 = Debug|Any CPU
		{FF84E11F-06CC-4A00-8C1A-8989FAE4394A}.Release|Any CPU.ActiveCfg = Release|Any CPU
		{FF84E11F-06CC-4A00-8C1A-8989FAE4394A}.Release|Any CPU.Build.0 = Release|Any CPU
		{AFCA74A8-FF16-4952-AC17-6BA049EEF779}.Debug|Any CPU.ActiveCfg = Debug|Any CPU
		{AFCA74A8-FF16-4952-AC17-6BA049EEF779}.Debug|Any CPU.Build.0 = Debug|Any CPU
		{AFCA74A8-FF16-4952-AC17-6BA049EEF779}.Release|Any CPU.ActiveCfg = Release|Any CPU
		{AFCA74A8-FF16-4952-AC17-6BA049EEF779}.Release|Any CPU.Build.0 = Release|Any CPU
		{A7A24A18-A702-44CD-941A-39645125F898}.Debug|Any CPU.ActiveCfg = Debug|Any CPU
		{A7A24A18-A702-44CD-941A-39645125F898}.Debug|Any CPU.Build.0 = Debug|Any CPU
		{A7A24A18-A702-44CD-941A-39645125F898}.Release|Any CPU.ActiveCfg = Release|Any CPU
		{A7A24A18-A702-44CD-941A-39645125F898}.Release|Any CPU.Build.0 = Release|Any CPU
		{035593BF-30EA-4926-8D25-6A57EBB6882B}.Debug|Any CPU.ActiveCfg = Debug|Any CPU
		{035593BF-30EA-4926-8D25-6A57EBB6882B}.Debug|Any CPU.Build.0 = Debug|Any CPU
		{035593BF-30EA-4926-8D25-6A57EBB6882B}.Release|Any CPU.ActiveCfg = Release|Any CPU
		{035593BF-30EA-4926-8D25-6A57EBB6882B}.Release|Any CPU.Build.0 = Release|Any CPU
		{A7779F6B-8ECF-4A8A-9C96-D74FC673DCF5}.Debug|Any CPU.ActiveCfg = Debug|Any CPU
		{A7779F6B-8ECF-4A8A-9C96-D74FC673DCF5}.Debug|Any CPU.Build.0 = Debug|Any CPU
		{A7779F6B-8ECF-4A8A-9C96-D74FC673DCF5}.Release|Any CPU.ActiveCfg = Release|Any CPU
		{A7779F6B-8ECF-4A8A-9C96-D74FC673DCF5}.Release|Any CPU.Build.0 = Release|Any CPU
	EndGlobalSection
	GlobalSection(SolutionProperties) = preSolution
		HideSolutionNode = FALSE
	EndGlobalSection
	GlobalSection(ExtensibilityGlobals) = postSolution
		SolutionGuid = {9F9A5022-9EC8-4A72-8E55-FCC9D7FD6CD9}
	EndGlobalSection
EndGlobal
