
Microsoft Visual Studio Solution File, Format Version 12.00
# Visual Studio Version 16
VisualStudioVersion = 16.0.29424.173
MinimumVisualStudioVersion = 10.0.40219.1
Project("{FAE04EC0-301F-11D3-BF4B-00C04F79EFBC}") = "NetCoreAtiv2", "NetCoreAtiv2\NetCoreAtiv2.csproj", "{8393DAF6-5543-4BAB-817D-CBFA496CA4EF}"
EndProject
Global
	GlobalSection(SolutionConfigurationPlatforms) = preSolution
		Debug|Any CPU = Debug|Any CPU
		Release|Any CPU = Release|Any CPU
	EndGlobalSection
	GlobalSection(ProjectConfigurationPlatforms) = postSolution
		{8393DAF6-5543-4BAB-817D-CBFA496CA4EF}.Debug|Any CPU.ActiveCfg = Debug|Any CPU
		{8393DAF6-5543-4BAB-817D-CBFA496CA4EF}.Debug|Any CPU.Build.0 = Debug|Any CPU
		{8393DAF6-5543-4BAB-817D-CBFA496CA4EF}.Release|Any CPU.ActiveCfg = Release|Any CPU
		{8393DAF6-5543-4BAB-817D-CBFA496CA4EF}.Release|Any CPU.Build.0 = Release|Any CPU
	EndGlobalSection
	GlobalSection(SolutionProperties) = preSolution
		HideSolutionNode = FALSE
	EndGlobalSection
	GlobalSection(ExtensibilityGlobals) = postSolution
		SolutionGuid = {8913A36A-461D-4872-A6E9-D068EA42773A}
	EndGlobalSection
EndGlobal
