
Microsoft Visual Studio Solution File, Format Version 12.00
# Visual Studio Version 16
VisualStudioVersion = 16.0.29020.237
MinimumVisualStudioVersion = 10.0.40219.1
Project("{FAE04EC0-301F-11D3-BF4B-00C04F79EFBC}") = "ConsoleMigration", "ConsoleMigration\ConsoleMigration.csproj", "{4E06FEAC-8FE5-4B85-B8C2-CEA51CF184CA}"
EndProject
Global
	GlobalSection(SolutionConfigurationPlatforms) = preSolution
		Debug|Any CPU = Debug|Any CPU
		Release|Any CPU = Release|Any CPU
	EndGlobalSection
	GlobalSection(ProjectConfigurationPlatforms) = postSolution
		{4E06FEAC-8FE5-4B85-B8C2-CEA51CF184CA}.Debug|Any CPU.ActiveCfg = Debug|Any CPU
		{4E06FEAC-8FE5-4B85-B8C2-CEA51CF184CA}.Debug|Any CPU.Build.0 = Debug|Any CPU
		{4E06FEAC-8FE5-4B85-B8C2-CEA51CF184CA}.Release|Any CPU.ActiveCfg = Release|Any CPU
		{4E06FEAC-8FE5-4B85-B8C2-CEA51CF184CA}.Release|Any CPU.Build.0 = Release|Any CPU
	EndGlobalSection
	GlobalSection(SolutionProperties) = preSolution
		HideSolutionNode = FALSE
	EndGlobalSection
	GlobalSection(ExtensibilityGlobals) = postSolution
		SolutionGuid = {FCC9E916-B484-45DC-8F07-4C0EC16BB252}
	EndGlobalSection
EndGlobal
