
Microsoft Visual Studio Solution File, Format Version 12.00
# Visual Studio Version 16
VisualStudioVersion = 16.0.29020.237
MinimumVisualStudioVersion = 10.0.40219.1
Project("{FAE04EC0-301F-11D3-BF4B-00C04F79EFBC}") = "LaçosDeRepetição", "LaçosDeRepetição\LaçosDeRepetição.csproj", "{7E9A1DB0-6877-4FBA-B1C1-CB3A2A369B58}"
EndProject
Global
	GlobalSection(SolutionConfigurationPlatforms) = preSolution
		Debug|Any CPU = Debug|Any CPU
		Release|Any CPU = Release|Any CPU
	EndGlobalSection
	GlobalSection(ProjectConfigurationPlatforms) = postSolution
		{7E9A1DB0-6877-4FBA-B1C1-CB3A2A369B58}.Debug|Any CPU.ActiveCfg = Debug|Any CPU
		{7E9A1DB0-6877-4FBA-B1C1-CB3A2A369B58}.Debug|Any CPU.Build.0 = Debug|Any CPU
		{7E9A1DB0-6877-4FBA-B1C1-CB3A2A369B58}.Release|Any CPU.ActiveCfg = Release|Any CPU
		{7E9A1DB0-6877-4FBA-B1C1-CB3A2A369B58}.Release|Any CPU.Build.0 = Release|Any CPU
	EndGlobalSection
	GlobalSection(SolutionProperties) = preSolution
		HideSolutionNode = FALSE
	EndGlobalSection
	GlobalSection(ExtensibilityGlobals) = postSolution
		SolutionGuid = {D275F556-2BFE-4867-95D6-3504E0627A21}
	EndGlobalSection
EndGlobal
