
Microsoft Visual Studio Solution File, Format Version 12.00
# Visual Studio Version 16
VisualStudioVersion = 16.0.29020.237
MinimumVisualStudioVersion = 10.0.40219.1
Project("{FAE04EC0-301F-11D3-BF4B-00C04F79EFBC}") = "ReplaceTestando", "ReplaceTestando\ReplaceTestando.csproj", "{8526442D-618F-4703-9AD7-09E9272224E4}"
EndProject
Global
	GlobalSection(SolutionConfigurationPlatforms) = preSolution
		Debug|Any CPU = Debug|Any CPU
		Release|Any CPU = Release|Any CPU
	EndGlobalSection
	GlobalSection(ProjectConfigurationPlatforms) = postSolution
		{8526442D-618F-4703-9AD7-09E9272224E4}.Debug|Any CPU.ActiveCfg = Debug|Any CPU
		{8526442D-618F-4703-9AD7-09E9272224E4}.Debug|Any CPU.Build.0 = Debug|Any CPU
		{8526442D-618F-4703-9AD7-09E9272224E4}.Release|Any CPU.ActiveCfg = Release|Any CPU
		{8526442D-618F-4703-9AD7-09E9272224E4}.Release|Any CPU.Build.0 = Release|Any CPU
	EndGlobalSection
	GlobalSection(SolutionProperties) = preSolution
		HideSolutionNode = FALSE
	EndGlobalSection
	GlobalSection(ExtensibilityGlobals) = postSolution
		SolutionGuid = {089E5E66-AD19-4D7D-B6C0-0044EA04614E}
	EndGlobalSection
EndGlobal
