
Microsoft Visual Studio Solution File, Format Version 12.00
# Visual Studio Version 16
VisualStudioVersion = 16.0.29020.237
MinimumVisualStudioVersion = 10.0.40219.1
Project("{FAE04EC0-301F-11D3-BF4B-00C04F79EFBC}") = "WebAPIpeople", "WebAPIpeople\WebAPIpeople.csproj", "{A1D47FE4-3602-4D92-B45D-82371794A1B6}"
EndProject
Global
	GlobalSection(SolutionConfigurationPlatforms) = preSolution
		Debug|Any CPU = Debug|Any CPU
		Release|Any CPU = Release|Any CPU
	EndGlobalSection
	GlobalSection(ProjectConfigurationPlatforms) = postSolution
		{A1D47FE4-3602-4D92-B45D-82371794A1B6}.Debug|Any CPU.ActiveCfg = Debug|Any CPU
		{A1D47FE4-3602-4D92-B45D-82371794A1B6}.Debug|Any CPU.Build.0 = Debug|Any CPU
		{A1D47FE4-3602-4D92-B45D-82371794A1B6}.Release|Any CPU.ActiveCfg = Release|Any CPU
		{A1D47FE4-3602-4D92-B45D-82371794A1B6}.Release|Any CPU.Build.0 = Release|Any CPU
	EndGlobalSection
	GlobalSection(SolutionProperties) = preSolution
		HideSolutionNode = FALSE
	EndGlobalSection
	GlobalSection(ExtensibilityGlobals) = postSolution
		SolutionGuid = {522699CE-3723-4D06-94BD-C17E5C3A7561}
	EndGlobalSection
EndGlobal
