
Microsoft Visual Studio Solution File, Format Version 12.00
# Visual Studio Version 16
VisualStudioVersion = 16.0.29020.237
MinimumVisualStudioVersion = 10.0.40219.1
Project("{FAE04EC0-301F-11D3-BF4B-00C04F79EFBC}") = "NomesLibrary", "NomesLibrary\NomesLibrary.csproj", "{905141F0-84E6-4986-B5F3-9E243D16BA71}"
EndProject
Project("{FAE04EC0-301F-11D3-BF4B-00C04F79EFBC}") = "View", "View\View.csproj", "{667AC486-F862-485D-ACB4-55A11AABD5C8}"
EndProject
Global
	GlobalSection(SolutionConfigurationPlatforms) = preSolution
		Debug|Any CPU = Debug|Any CPU
		Release|Any CPU = Release|Any CPU
	EndGlobalSection
	GlobalSection(ProjectConfigurationPlatforms) = postSolution
		{905141F0-84E6-4986-B5F3-9E243D16BA71}.Debug|Any CPU.ActiveCfg = Debug|Any CPU
		{905141F0-84E6-4986-B5F3-9E243D16BA71}.Debug|Any CPU.Build.0 = Debug|Any CPU
		{905141F0-84E6-4986-B5F3-9E243D16BA71}.Release|Any CPU.ActiveCfg = Release|Any CPU
		{905141F0-84E6-4986-B5F3-9E243D16BA71}.Release|Any CPU.Build.0 = Release|Any CPU
		{667AC486-F862-485D-ACB4-55A11AABD5C8}.Debug|Any CPU.ActiveCfg = Debug|Any CPU
		{667AC486-F862-485D-ACB4-55A11AABD5C8}.Debug|Any CPU.Build.0 = Debug|Any CPU
		{667AC486-F862-485D-ACB4-55A11AABD5C8}.Release|Any CPU.ActiveCfg = Release|Any CPU
		{667AC486-F862-485D-ACB4-55A11AABD5C8}.Release|Any CPU.Build.0 = Release|Any CPU
	EndGlobalSection
	GlobalSection(SolutionProperties) = preSolution
		HideSolutionNode = FALSE
	EndGlobalSection
	GlobalSection(ExtensibilityGlobals) = postSolution
		SolutionGuid = {A40C13FF-8987-4424-ADB7-1817654EA1FB}
	EndGlobalSection
EndGlobal
