
Microsoft Visual Studio Solution File, Format Version 12.00
# Visual Studio Version 16
VisualStudioVersion = 16.0.29020.237
MinimumVisualStudioVersion = 10.0.40219.1
Project("{FAE04EC0-301F-11D3-BF4B-00C04F79EFBC}") = "CestaDeFrutas", "CestaDeFrutas\CestaDeFrutas.csproj", "{DEF47498-84AB-4A58-AC4B-7D1D494C3CE7}"
EndProject
Project("{FAE04EC0-301F-11D3-BF4B-00C04F79EFBC}") = "PersonalData", "PersonalData\PersonalData.csproj", "{8FC17E32-7CE3-4D52-847F-80C7EED72CE6}"
EndProject
Global
	GlobalSection(SolutionConfigurationPlatforms) = preSolution
		Debug|Any CPU = Debug|Any CPU
		Release|Any CPU = Release|Any CPU
	EndGlobalSection
	GlobalSection(ProjectConfigurationPlatforms) = postSolution
		{DEF47498-84AB-4A58-AC4B-7D1D494C3CE7}.Debug|Any CPU.ActiveCfg = Debug|Any CPU
		{DEF47498-84AB-4A58-AC4B-7D1D494C3CE7}.Debug|Any CPU.Build.0 = Debug|Any CPU
		{DEF47498-84AB-4A58-AC4B-7D1D494C3CE7}.Release|Any CPU.ActiveCfg = Release|Any CPU
		{DEF47498-84AB-4A58-AC4B-7D1D494C3CE7}.Release|Any CPU.Build.0 = Release|Any CPU
		{8FC17E32-7CE3-4D52-847F-80C7EED72CE6}.Debug|Any CPU.ActiveCfg = Debug|Any CPU
		{8FC17E32-7CE3-4D52-847F-80C7EED72CE6}.Debug|Any CPU.Build.0 = Debug|Any CPU
		{8FC17E32-7CE3-4D52-847F-80C7EED72CE6}.Release|Any CPU.ActiveCfg = Release|Any CPU
		{8FC17E32-7CE3-4D52-847F-80C7EED72CE6}.Release|Any CPU.Build.0 = Release|Any CPU
	EndGlobalSection
	GlobalSection(SolutionProperties) = preSolution
		HideSolutionNode = FALSE
	EndGlobalSection
	GlobalSection(ExtensibilityGlobals) = postSolution
		SolutionGuid = {96C9CC02-7375-47B0-BA0E-88D90FADDE64}
	EndGlobalSection
EndGlobal
