
Microsoft Visual Studio Solution File, Format Version 12.00
# Visual Studio Version 16
VisualStudioVersion = 16.0.29020.237
MinimumVisualStudioVersion = 10.0.40219.1
Project("{FAE04EC0-301F-11D3-BF4B-00C04F79EFBC}") = "Apresentacao", "Apresentacao\Apresentacao.csproj", "{779B1D8F-5B5B-457B-9408-8A52C4BEE423}"
EndProject
Global
	GlobalSection(SolutionConfigurationPlatforms) = preSolution
		Debug|Any CPU = Debug|Any CPU
		Release|Any CPU = Release|Any CPU
	EndGlobalSection
	GlobalSection(ProjectConfigurationPlatforms) = postSolution
		{779B1D8F-5B5B-457B-9408-8A52C4BEE423}.Debug|Any CPU.ActiveCfg = Debug|Any CPU
		{779B1D8F-5B5B-457B-9408-8A52C4BEE423}.Debug|Any CPU.Build.0 = Debug|Any CPU
		{779B1D8F-5B5B-457B-9408-8A52C4BEE423}.Release|Any CPU.ActiveCfg = Release|Any CPU
		{779B1D8F-5B5B-457B-9408-8A52C4BEE423}.Release|Any CPU.Build.0 = Release|Any CPU
	EndGlobalSection
	GlobalSection(SolutionProperties) = preSolution
		HideSolutionNode = FALSE
	EndGlobalSection
	GlobalSection(ExtensibilityGlobals) = postSolution
		SolutionGuid = {0E805EE1-AAC1-43E7-AA2E-6FCA657BEB6D}
	EndGlobalSection
EndGlobal
