
Microsoft Visual Studio Solution File, Format Version 12.00
# Visual Studio Version 16
VisualStudioVersion = 16.0.29424.173
MinimumVisualStudioVersion = 10.0.40219.1
Project("{FAE04EC0-301F-11D3-BF4B-00C04F79EFBC}") = "NETCOREwebAPI", "NETCOREwebAPI\NETCOREwebAPI.csproj", "{07235F87-A0B8-4F54-A71F-DB2C2939AB67}"
EndProject
Global
	GlobalSection(SolutionConfigurationPlatforms) = preSolution
		Debug|Any CPU = Debug|Any CPU
		Release|Any CPU = Release|Any CPU
	EndGlobalSection
	GlobalSection(ProjectConfigurationPlatforms) = postSolution
		{07235F87-A0B8-4F54-A71F-DB2C2939AB67}.Debug|Any CPU.ActiveCfg = Debug|Any CPU
		{07235F87-A0B8-4F54-A71F-DB2C2939AB67}.Debug|Any CPU.Build.0 = Debug|Any CPU
		{07235F87-A0B8-4F54-A71F-DB2C2939AB67}.Release|Any CPU.ActiveCfg = Release|Any CPU
		{07235F87-A0B8-4F54-A71F-DB2C2939AB67}.Release|Any CPU.Build.0 = Release|Any CPU
	EndGlobalSection
	GlobalSection(SolutionProperties) = preSolution
		HideSolutionNode = FALSE
	EndGlobalSection
	GlobalSection(ExtensibilityGlobals) = postSolution
		SolutionGuid = {04032FDE-265B-442C-B0C7-925025AB051B}
	EndGlobalSection
EndGlobal
