
Microsoft Visual Studio Solution File, Format Version 12.00
# Visual Studio Version 16
VisualStudioVersion = 16.0.29020.237
MinimumVisualStudioVersion = 10.0.40219.1
Project("{FAE04EC0-301F-11D3-BF4B-00C04F79EFBC}") = "EntityClass", "EntityClass\EntityClass.csproj", "{016AEDFA-2D95-4F2F-AF41-CEF20EA70037}"
EndProject
Project("{FAE04EC0-301F-11D3-BF4B-00C04F79EFBC}") = "AcessandoEntity", "AcessandoEntity\AcessandoEntity.csproj", "{FD162C45-8D08-457F-AC79-6334B96015B5}"
EndProject
Global
	GlobalSection(SolutionConfigurationPlatforms) = preSolution
		Debug|Any CPU = Debug|Any CPU
		Release|Any CPU = Release|Any CPU
	EndGlobalSection
	GlobalSection(ProjectConfigurationPlatforms) = postSolution
		{016AEDFA-2D95-4F2F-AF41-CEF20EA70037}.Debug|Any CPU.ActiveCfg = Debug|Any CPU
		{016AEDFA-2D95-4F2F-AF41-CEF20EA70037}.Debug|Any CPU.Build.0 = Debug|Any CPU
		{016AEDFA-2D95-4F2F-AF41-CEF20EA70037}.Release|Any CPU.ActiveCfg = Release|Any CPU
		{016AEDFA-2D95-4F2F-AF41-CEF20EA70037}.Release|Any CPU.Build.0 = Release|Any CPU
		{FD162C45-8D08-457F-AC79-6334B96015B5}.Debug|Any CPU.ActiveCfg = Debug|Any CPU
		{FD162C45-8D08-457F-AC79-6334B96015B5}.Debug|Any CPU.Build.0 = Debug|Any CPU
		{FD162C45-8D08-457F-AC79-6334B96015B5}.Release|Any CPU.ActiveCfg = Release|Any CPU
		{FD162C45-8D08-457F-AC79-6334B96015B5}.Release|Any CPU.Build.0 = Release|Any CPU
	EndGlobalSection
	GlobalSection(SolutionProperties) = preSolution
		HideSolutionNode = FALSE
	EndGlobalSection
	GlobalSection(ExtensibilityGlobals) = postSolution
		SolutionGuid = {AF76A6A9-58BD-4EAD-A967-15A50E8D2E27}
	EndGlobalSection
EndGlobal
