
Microsoft Visual Studio Solution File, Format Version 12.00
# Visual Studio Version 16
VisualStudioVersion = 16.0.29020.237
MinimumVisualStudioVersion = 10.0.40219.1
Project("{FAE04EC0-301F-11D3-BF4B-00C04F79EFBC}") = "ApresentandoOsAlcoolatras", "ApresentandoOsAlcoolatras\ApresentandoOsAlcoolatras.csproj", "{DB6F1D45-4CD9-4B26-A1B1-03E92C43C1D5}"
EndProject
Project("{FAE04EC0-301F-11D3-BF4B-00C04F79EFBC}") = "InterfacePastaWin", "InterfacePastaWin\InterfacePastaWin.csproj", "{B546388A-65C3-4570-A239-1D161EC7016A}"
EndProject
Global
	GlobalSection(SolutionConfigurationPlatforms) = preSolution
		Debug|Any CPU = Debug|Any CPU
		Release|Any CPU = Release|Any CPU
	EndGlobalSection
	GlobalSection(ProjectConfigurationPlatforms) = postSolution
		{DB6F1D45-4CD9-4B26-A1B1-03E92C43C1D5}.Debug|Any CPU.ActiveCfg = Debug|Any CPU
		{DB6F1D45-4CD9-4B26-A1B1-03E92C43C1D5}.Debug|Any CPU.Build.0 = Debug|Any CPU
		{DB6F1D45-4CD9-4B26-A1B1-03E92C43C1D5}.Release|Any CPU.ActiveCfg = Release|Any CPU
		{DB6F1D45-4CD9-4B26-A1B1-03E92C43C1D5}.Release|Any CPU.Build.0 = Release|Any CPU
		{B546388A-65C3-4570-A239-1D161EC7016A}.Debug|Any CPU.ActiveCfg = Debug|Any CPU
		{B546388A-65C3-4570-A239-1D161EC7016A}.Debug|Any CPU.Build.0 = Debug|Any CPU
		{B546388A-65C3-4570-A239-1D161EC7016A}.Release|Any CPU.ActiveCfg = Release|Any CPU
		{B546388A-65C3-4570-A239-1D161EC7016A}.Release|Any CPU.Build.0 = Release|Any CPU
	EndGlobalSection
	GlobalSection(SolutionProperties) = preSolution
		HideSolutionNode = FALSE
	EndGlobalSection
	GlobalSection(ExtensibilityGlobals) = postSolution
		SolutionGuid = {300D60CF-1A8F-4889-BA56-199C73A94B01}
	EndGlobalSection
EndGlobal
